# This file is autogenerated, do not edit; changes may be undone by the next 'dep ensure'.


[[projects]]
  digest = "1:2fc13c72e191ca921adb98f9f4991b1a036d5431b4128fa21dbdd974b9b45822"
  name = "github.com/gogo/protobuf"
  packages = [
    "gogoproto",
    "jsonpb",
    "proto",
    "protoc-gen-gogo/descriptor",
    "sortkeys",
    "types",
  ]
  pruneopts = "UT"
  revision = "5628607bb4c51c3157aacc3a50f0ab707582b805"
  version = "v1.3.1"

[[projects]]
  digest = "1:f5ce1529abc1204444ec73779f44f94e2fa8fcdb7aca3c355b0c95947e4005c6"
  name = "github.com/golang/protobuf"
  packages = [
    "proto",
    "ptypes",
    "ptypes/any",
    "ptypes/duration",
    "ptypes/timestamp",
  ]
  pruneopts = "UT"
  revision = "6c65a5562fc06764971b7c5d05c76c75e84bdbf7"
  version = "v1.3.2"

[[projects]]
  digest = "1:0ade334594e69404d80d9d323445d2297ff8161637f9b2d347cc6973d2d6f05b"
  name = "github.com/hashicorp/errwrap"
  packages = ["."]
  pruneopts = "UT"
  revision = "8a6fb523712970c966eefc6b39ed2c5e74880354"
  version = "v1.0.0"

[[projects]]
  digest = "1:f668349b83f7d779567c880550534addeca7ebadfdcf44b0b9c39be61864b4b7"
  name = "github.com/hashicorp/go-multierror"
  packages = ["."]
  pruneopts = "UT"
  revision = "886a7fbe3eb1c874d46f623bfa70af45f425b3d1"
  version = "v1.0.0"

[[projects]]
  branch = "master"
  digest = "1:8d2e6c9bd8e4b510b2f3cc4100ae18bfbd2f9dd78013097b00e725b48695f5f0"
  name = "golang.org/x/net"
  packages = [
    "http/httpguts",
    "http2",
    "http2/hpack",
    "idna",
    "internal/timeseries",
    "trace",
  ]
  pruneopts = "UT"
  revision = "2180aed2234323691e9fd264fb1d32d20ff04b27"

[[projects]]
  branch = "master"
  digest = "1:824b4d14e35e35e821d3127319e51eb838f72434100750ad395db96d00b5a871"
  name = "golang.org/x/sys"
  packages = ["unix"]
  pruneopts = "UT"
  revision = "4c7a9d0fe056d9d1de37e1409ca8a5c17accb46a"

[[projects]]
  digest = "1:8d8faad6b12a3a4c819a3f9618cb6ee1fa1cfc33253abeeea8b55336721e3405"
  name = "golang.org/x/text"
  packages = [
    "collate",
    "collate/build",
    "internal/colltab",
    "internal/gen",
    "internal/language",
    "internal/language/compact",
    "internal/tag",
    "internal/triegen",
    "internal/ucd",
    "language",
    "secure/bidirule",
    "transform",
    "unicode/bidi",
    "unicode/cldr",
    "unicode/norm",
    "unicode/rangetable",
  ]
  pruneopts = "UT"
  revision = "342b2e1fbaa52c93f31447ad2c6abc048c63e475"
  version = "v0.3.2"

[[projects]]
  branch = "master"
  digest = "1:583a0c80f5e3a9343d33aea4aead1e1afcc0043db66fdf961ddd1fe8cd3a4faf"
  name = "google.golang.org/genproto"
  packages = ["googleapis/rpc/status"]
  pruneopts = "UT"
  revision = "6bbd007550de91f00332b51032ea2cd88b87e799"

[[projects]]
  digest = "1:b59ce3ddb11daeeccccc9cb3183b58ebf8e9a779f1c853308cd91612e817a301"
  name = "google.golang.org/grpc"
  packages = [
    ".",
    "backoff",
    "balancer",
    "balancer/base",
    "balancer/roundrobin",
    "binarylog/grpc_binarylog_v1",
    "codes",
    "connectivity",
    "credentials",
    "credentials/internal",
    "encoding",
    "encoding/proto",
    "grpclog",
    "internal",
    "internal/backoff",
    "internal/balancerload",
    "internal/binarylog",
    "internal/buffer",
    "internal/channelz",
    "internal/envconfig",
    "internal/grpcrand",
    "internal/grpcsync",
    "internal/resolver/dns",
    "internal/resolver/passthrough",
    "internal/syscall",
    "internal/transport",
    "keepalive",
    "metadata",
    "naming",
    "peer",
    "resolver",
    "serviceconfig",
    "stats",
    "status",
    "tap",
  ]
  pruneopts = "UT"
  revision = "1a3960e4bd028ac0cec0a2afd27d7d8e67c11514"
  version = "v1.25.1"

[[projects]]
  digest = "1:3ceb6fa92f5c5d4fea1765802933270606e1f5b8401594024a06dd0c2467193f"
  name = "istio.io/api"
  packages = [
    "mixer/adapter/model/v1beta1",
    "mixer/v1",
    "policy/v1beta1",
  ]
  pruneopts = "UT"
  revision = "35e06ef8d83858a2ccabd7a0d57128879b40a586"
  version = "1.4.0"

[[projects]]
  digest = "1:d02adf242827386d31d21ef100c67734e72ef00080889181a2b2d0b34a173e20"
  name = "istio.io/gogo-genproto"
  packages = [
    "googleapis/google/api",
    "googleapis/google/rpc",
  ]
  pruneopts = "UT"
  revision = "f7d19ec0141d49ac9efc83b5e61fa81ba103b445"
  version = "1.4.0"

[[projects]]
  digest = "1:78aa34766112c0e911b8b8aa9d477c7f6e14ae300c1e64c340c3e454340fa001"
  name = "istio.io/istio"
  packages = [
    "mixer/pkg/adapter",
    "mixer/pkg/status",
    "mixer/template/metric",
  ]
  pruneopts = "UT"
  revision = "c4def934e4f8d1feb42725da41ee0078cde8397f"
  version = "1.4.0"

[[projects]]
  digest = "1:424e0773c77a2e8fd0995d1fd49c6a7bbd5abe7c054f8b2b4c0eb0ccc3929dce"
  name = "istio.io/pkg"
  packages = [
    "attribute",
    "pool",
  ]
  pruneopts = "UT"
  revision = "10d06b6b315ef0014b7f5498fa65d77faab692a9"
  version = "1.4.0"

[solve-meta]
  analyzer-name = "dep"
  analyzer-version = 1
  input-imports = [
    "google.golang.org/grpc",
    "istio.io/api/mixer/adapter/model/v1beta1",
    "istio.io/istio/mixer/template/metric",
  ]
  solver-name = "gps-cdcl"
  solver-version = 1
